// !$*UTF8*$!
{
	archiveVersion = 1;
	classes = {
	};
	objectVersion = 46;
	objects = {

/* Begin PBXBuildFile section */
		2B2BFB931CF4FFFB0056E480 /* AppDelegate.swift in Sources */ = {isa = PBXBuildFile; fileRef = 2B2BFB921CF4FFFB0056E480 /* AppDelegate.swift */; };
		2B2BFB991CF4FFFB0056E480 /* GameViewController.swift in Sources */ = {isa = PBXBuildFile; fileRef = 2B2BFB981CF4FFFB0056E480 /* GameViewController.swift */; };
		2B2BFB9C1CF4FFFB0056E480 /* Main.storyboard in Resources */ = {isa = PBXBuildFile; fileRef = 2B2BFB9A1CF4FFFB0056E480 /* Main.storyboard */; };
		2B2BFB9E1CF4FFFB0056E480 /* Assets.xcassets in Resources */ = {isa = PBXBuildFile; fileRef = 2B2BFB9D1CF4FFFB0056E480 /* Assets.xcassets */; };
		2B2BFBA11CF4FFFB0056E480 /* LaunchScreen.storyboard in Resources */ = {isa = PBXBuildFile; fileRef = 2B2BFB9F1CF4FFFB0056E480 /* LaunchScreen.storyboard */; };
		2B2BFBAF1CF50C0D0056E480 /* AppDelegate.swift in Sources */ = {isa = PBXBuildFile; fileRef = 2B2BFBAE1CF50C0D0056E480 /* AppDelegate.swift */; };
		2B2BFBB51CF50C0D0056E480 /* Assets.xcassets in Resources */ = {isa = PBXBuildFile; fileRef = 2B2BFBB41CF50C0D0056E480 /* Assets.xcassets */; };
		2B2BFBB81CF50C0D0056E480 /* MainMenu.xib in Resources */ = {isa = PBXBuildFile; fileRef = 2B2BFBB61CF50C0D0056E480 /* MainMenu.xib */; };
		2B2BFBC41CF50C840056E480 /* AppDelegate.swift in Sources */ = {isa = PBXBuildFile; fileRef = 2B2BFBC31CF50C840056E480 /* AppDelegate.swift */; };
		2B2BFBC81CF50C840056E480 /* GameScene.swift in Sources */ = {isa = PBXBuildFile; fileRef = 2B2BFBC71CF50C840056E480 /* GameScene.swift */; };
		2B2BFBCA1CF50C840056E480 /* GameViewController.swift in Sources */ = {isa = PBXBuildFile; fileRef = 2B2BFBC91CF50C840056E480 /* GameViewController.swift */; };
		2B2BFBCF1CF50C840056E480 /* Main.storyboard in Resources */ = {isa = PBXBuildFile; fileRef = 2B2BFBCD1CF50C840056E480 /* Main.storyboard */; };
		2B2BFBD11CF50C840056E480 /* Assets.xcassets in Resources */ = {isa = PBXBuildFile; fileRef = 2B2BFBD01CF50C840056E480 /* Assets.xcassets */; };
		2B2BFBD91CF50CB30056E480 /* GameScene.swift in Sources */ = {isa = PBXBuildFile; fileRef = 2B2BFBC71CF50C840056E480 /* GameScene.swift */; };
		2B2BFBDA1CF50CB30056E480 /* GameScene.swift in Sources */ = {isa = PBXBuildFile; fileRef = 2B2BFBC71CF50C840056E480 /* GameScene.swift */; };
		2B2BFBF21CF50E0F0056E480 /* CGFloat+Extensions.swift in Sources */ = {isa = PBXBuildFile; fileRef = 2B2BFBE61CF50E0F0056E480 /* CGFloat+Extensions.swift */; };
		2B2BFBF31CF50E0F0056E480 /* CGFloat+Extensions.swift in Sources */ = {isa = PBXBuildFile; fileRef = 2B2BFBE61CF50E0F0056E480 /* CGFloat+Extensions.swift */; };
		2B2BFBF41CF50E0F0056E480 /* CGFloat+Extensions.swift in Sources */ = {isa = PBXBuildFile; fileRef = 2B2BFBE61CF50E0F0056E480 /* CGFloat+Extensions.swift */; };
		2B2BFBF51CF50E0F0056E480 /* CGPoint+Extensions.swift in Sources */ = {isa = PBXBuildFile; fileRef = 2B2BFBE71CF50E0F0056E480 /* CGPoint+Extensions.swift */; };
		2B2BFBF61CF50E0F0056E480 /* CGPoint+Extensions.swift in Sources */ = {isa = PBXBuildFile; fileRef = 2B2BFBE71CF50E0F0056E480 /* CGPoint+Extensions.swift */; };
		2B2BFBF71CF50E0F0056E480 /* CGPoint+Extensions.swift in Sources */ = {isa = PBXBuildFile; fileRef = 2B2BFBE71CF50E0F0056E480 /* CGPoint+Extensions.swift */; };
		2B2BFBF81CF50E0F0056E480 /* CGVector+Extensions.swift in Sources */ = {isa = PBXBuildFile; fileRef = 2B2BFBE81CF50E0F0056E480 /* CGVector+Extensions.swift */; };
		2B2BFBF91CF50E0F0056E480 /* CGVector+Extensions.swift in Sources */ = {isa = PBXBuildFile; fileRef = 2B2BFBE81CF50E0F0056E480 /* CGVector+Extensions.swift */; };
		2B2BFBFA1CF50E0F0056E480 /* CGVector+Extensions.swift in Sources */ = {isa = PBXBuildFile; fileRef = 2B2BFBE81CF50E0F0056E480 /* CGVector+Extensions.swift */; };
		2B2BFBFB1CF50E0F0056E480 /* Int+Extensions.swift in Sources */ = {isa = PBXBuildFile; fileRef = 2B2BFBE91CF50E0F0056E480 /* Int+Extensions.swift */; };
		2B2BFBFC1CF50E0F0056E480 /* Int+Extensions.swift in Sources */ = {isa = PBXBuildFile; fileRef = 2B2BFBE91CF50E0F0056E480 /* Int+Extensions.swift */; };
		2B2BFBFD1CF50E0F0056E480 /* Int+Extensions.swift in Sources */ = {isa = PBXBuildFile; fileRef = 2B2BFBE91CF50E0F0056E480 /* Int+Extensions.swift */; };
		2B2BFBFE1CF50E0F0056E480 /* SKAction+Extensions.swift in Sources */ = {isa = PBXBuildFile; fileRef = 2B2BFBEA1CF50E0F0056E480 /* SKAction+Extensions.swift */; };
		2B2BFBFF1CF50E0F0056E480 /* SKAction+Extensions.swift in Sources */ = {isa = PBXBuildFile; fileRef = 2B2BFBEA1CF50E0F0056E480 /* SKAction+Extensions.swift */; };
		2B2BFC001CF50E0F0056E480 /* SKAction+Extensions.swift in Sources */ = {isa = PBXBuildFile; fileRef = 2B2BFBEA1CF50E0F0056E480 /* SKAction+Extensions.swift */; };
		2B2BFC011CF50E0F0056E480 /* SKAction+SpecialEffects.swift in Sources */ = {isa = PBXBuildFile; fileRef = 2B2BFBEB1CF50E0F0056E480 /* SKAction+SpecialEffects.swift */; };
		2B2BFC021CF50E0F0056E480 /* SKAction+SpecialEffects.swift in Sources */ = {isa = PBXBuildFile; fileRef = 2B2BFBEB1CF50E0F0056E480 /* SKAction+SpecialEffects.swift */; };
		2B2BFC031CF50E0F0056E480 /* SKAction+SpecialEffects.swift in Sources */ = {isa = PBXBuildFile; fileRef = 2B2BFBEB1CF50E0F0056E480 /* SKAction+SpecialEffects.swift */; };
		2B2BFC041CF50E0F0056E480 /* SKColor+Extensions.swift in Sources */ = {isa = PBXBuildFile; fileRef = 2B2BFBEC1CF50E0F0056E480 /* SKColor+Extensions.swift */; };
		2B2BFC051CF50E0F0056E480 /* SKColor+Extensions.swift in Sources */ = {isa = PBXBuildFile; fileRef = 2B2BFBEC1CF50E0F0056E480 /* SKColor+Extensions.swift */; };
		2B2BFC061CF50E0F0056E480 /* SKColor+Extensions.swift in Sources */ = {isa = PBXBuildFile; fileRef = 2B2BFBEC1CF50E0F0056E480 /* SKColor+Extensions.swift */; };
		2B2BFC071CF50E0F0056E480 /* SKNode+Extensions.swift in Sources */ = {isa = PBXBuildFile; fileRef = 2B2BFBED1CF50E0F0056E480 /* SKNode+Extensions.swift */; };
		2B2BFC081CF50E0F0056E480 /* SKNode+Extensions.swift in Sources */ = {isa = PBXBuildFile; fileRef = 2B2BFBED1CF50E0F0056E480 /* SKNode+Extensions.swift */; };
		2B2BFC091CF50E0F0056E480 /* SKNode+Extensions.swift in Sources */ = {isa = PBXBuildFile; fileRef = 2B2BFBED1CF50E0F0056E480 /* SKNode+Extensions.swift */; };
		2B2BFC0A1CF50E0F0056E480 /* SKTAudio.swift in Sources */ = {isa = PBXBuildFile; fileRef = 2B2BFBEE1CF50E0F0056E480 /* SKTAudio.swift */; };
		2B2BFC0B1CF50E0F0056E480 /* SKTAudio.swift in Sources */ = {isa = PBXBuildFile; fileRef = 2B2BFBEE1CF50E0F0056E480 /* SKTAudio.swift */; };
		2B2BFC0C1CF50E0F0056E480 /* SKTAudio.swift in Sources */ = {isa = PBXBuildFile; fileRef = 2B2BFBEE1CF50E0F0056E480 /* SKTAudio.swift */; };
		2B2BFC0D1CF50E0F0056E480 /* SKTEffects.swift in Sources */ = {isa = PBXBuildFile; fileRef = 2B2BFBEF1CF50E0F0056E480 /* SKTEffects.swift */; };
		2B2BFC0E1CF50E0F0056E480 /* SKTEffects.swift in Sources */ = {isa = PBXBuildFile; fileRef = 2B2BFBEF1CF50E0F0056E480 /* SKTEffects.swift */; };
		2B2BFC0F1CF50E0F0056E480 /* SKTEffects.swift in Sources */ = {isa = PBXBuildFile; fileRef = 2B2BFBEF1CF50E0F0056E480 /* SKTEffects.swift */; };
		2B2BFC101CF50E0F0056E480 /* SKTTimingFunctions.swift in Sources */ = {isa = PBXBuildFile; fileRef = 2B2BFBF01CF50E0F0056E480 /* SKTTimingFunctions.swift */; };
		2B2BFC111CF50E0F0056E480 /* SKTTimingFunctions.swift in Sources */ = {isa = PBXBuildFile; fileRef = 2B2BFBF01CF50E0F0056E480 /* SKTTimingFunctions.swift */; };
		2B2BFC121CF50E0F0056E480 /* SKTTimingFunctions.swift in Sources */ = {isa = PBXBuildFile; fileRef = 2B2BFBF01CF50E0F0056E480 /* SKTTimingFunctions.swift */; };
		2B2BFC131CF50E0F0056E480 /* Vector3.swift in Sources */ = {isa = PBXBuildFile; fileRef = 2B2BFBF11CF50E0F0056E480 /* Vector3.swift */; };
		2B2BFC141CF50E0F0056E480 /* Vector3.swift in Sources */ = {isa = PBXBuildFile; fileRef = 2B2BFBF11CF50E0F0056E480 /* Vector3.swift */; };
		2B2BFC151CF50E0F0056E480 /* Vector3.swift in Sources */ = {isa = PBXBuildFile; fileRef = 2B2BFBF11CF50E0F0056E480 /* Vector3.swift */; };
		2B2BFC191CF50F790056E480 /* SKTScene.swift in Sources */ = {isa = PBXBuildFile; fileRef = 2B2BFC181CF50F790056E480 /* SKTScene.swift */; };
		2B2BFC1A1CF50F790056E480 /* SKTScene.swift in Sources */ = {isa = PBXBuildFile; fileRef = 2B2BFC181CF50F790056E480 /* SKTScene.swift */; };
		2B2BFC1B1CF50F790056E480 /* SKTScene.swift in Sources */ = {isa = PBXBuildFile; fileRef = 2B2BFC181CF50F790056E480 /* SKTScene.swift */; };
		2B2BFC1E1CF512670056E480 /* iOSResponder.swift in Sources */ = {isa = PBXBuildFile; fileRef = 2B2BFC1D1CF512670056E480 /* iOSResponder.swift */; };
		2B2BFC221CF513A30056E480 /* OSXResponder.swift in Sources */ = {isa = PBXBuildFile; fileRef = 2B2BFC211CF513A30056E480 /* OSXResponder.swift */; };
		2B2BFC241CF5160F0056E480 /* SKTExtensions.swift in Sources */ = {isa = PBXBuildFile; fileRef = 2B2BFC231CF5160F0056E480 /* SKTExtensions.swift */; };
		2B2BFC251CF5160F0056E480 /* SKTExtensions.swift in Sources */ = {isa = PBXBuildFile; fileRef = 2B2BFC231CF5160F0056E480 /* SKTExtensions.swift */; };
		2B2BFC261CF5160F0056E480 /* SKTExtensions.swift in Sources */ = {isa = PBXBuildFile; fileRef = 2B2BFC231CF5160F0056E480 /* SKTExtensions.swift */; };
		2B2BFC281CF516200056E480 /* SKTResolution.swift in Sources */ = {isa = PBXBuildFile; fileRef = 2B2BFC271CF516200056E480 /* SKTResolution.swift */; };
		2B2BFC291CF516200056E480 /* SKTResolution.swift in Sources */ = {isa = PBXBuildFile; fileRef = 2B2BFC271CF516200056E480 /* SKTResolution.swift */; };
		2B2BFC2A1CF516200056E480 /* SKTResolution.swift in Sources */ = {isa = PBXBuildFile; fileRef = 2B2BFC271CF516200056E480 /* SKTResolution.swift */; };
		2B2BFC2C1CF517DB0056E480 /* SKTGameSettings.swift in Sources */ = {isa = PBXBuildFile; fileRef = 2B2BFC2B1CF517DB0056E480 /* SKTGameSettings.swift */; };
		2B2BFC2D1CF517DB0056E480 /* SKTGameSettings.swift in Sources */ = {isa = PBXBuildFile; fileRef = 2B2BFC2B1CF517DB0056E480 /* SKTGameSettings.swift */; };
		2B2BFC2E1CF517DB0056E480 /* SKTGameSettings.swift in Sources */ = {isa = PBXBuildFile; fileRef = 2B2BFC2B1CF517DB0056E480 /* SKTGameSettings.swift */; };
		2B2BFC301CF527240056E480 /* Localizable.strings in Resources */ = {isa = PBXBuildFile; fileRef = 2B2BFC2F1CF527240056E480 /* Localizable.strings */; };
		2B2BFC311CF527240056E480 /* Localizable.strings in Resources */ = {isa = PBXBuildFile; fileRef = 2B2BFC2F1CF527240056E480 /* Localizable.strings */; };
		2B2BFC321CF527240056E480 /* Localizable.strings in Resources */ = {isa = PBXBuildFile; fileRef = 2B2BFC2F1CF527240056E480 /* Localizable.strings */; };
		2B2BFC381CF52A110056E480 /* jump.wav in Resources */ = {isa = PBXBuildFile; fileRef = 2B2BFC371CF52A110056E480 /* jump.wav */; };
		2B2BFC391CF52A110056E480 /* jump.wav in Resources */ = {isa = PBXBuildFile; fileRef = 2B2BFC371CF52A110056E480 /* jump.wav */; };
		2B2BFC3A1CF52A110056E480 /* jump.wav in Resources */ = {isa = PBXBuildFile; fileRef = 2B2BFC371CF52A110056E480 /* jump.wav */; };
		2B2BFC3C1CF52A770056E480 /* died.wav in Resources */ = {isa = PBXBuildFile; fileRef = 2B2BFC3B1CF52A770056E480 /* died.wav */; };
		2B2BFC3D1CF52A770056E480 /* died.wav in Resources */ = {isa = PBXBuildFile; fileRef = 2B2BFC3B1CF52A770056E480 /* died.wav */; };
		2B2BFC3E1CF52A770056E480 /* died.wav in Resources */ = {isa = PBXBuildFile; fileRef = 2B2BFC3B1CF52A770056E480 /* died.wav */; };
		2B2BFC401CF52B300056E480 /* pass.wav in Resources */ = {isa = PBXBuildFile; fileRef = 2B2BFC3F1CF52B300056E480 /* pass.wav */; };
		2B2BFC411CF52B300056E480 /* pass.wav in Resources */ = {isa = PBXBuildFile; fileRef = 2B2BFC3F1CF52B300056E480 /* pass.wav */; };
		2B2BFC421CF52B300056E480 /* pass.wav in Resources */ = {isa = PBXBuildFile; fileRef = 2B2BFC3F1CF52B300056E480 /* pass.wav */; };
		2B2BFC441CF52CA30056E480 /* Mech.atlas in Resources */ = {isa = PBXBuildFile; fileRef = 2B2BFC431CF52CA30056E480 /* Mech.atlas */; };
		2B2BFC451CF52CA30056E480 /* Mech.atlas in Resources */ = {isa = PBXBuildFile; fileRef = 2B2BFC431CF52CA30056E480 /* Mech.atlas */; };
		2B2BFC461CF52CA30056E480 /* Mech.atlas in Resources */ = {isa = PBXBuildFile; fileRef = 2B2BFC431CF52CA30056E480 /* Mech.atlas */; };
		2B2BFC481CF626A90056E480 /* Roboto-Bold.ttf in Resources */ = {isa = PBXBuildFile; fileRef = 2B2BFC471CF626A90056E480 /* Roboto-Bold.ttf */; };
		2B2BFC491CF626A90056E480 /* Roboto-Bold.ttf in Resources */ = {isa = PBXBuildFile; fileRef = 2B2BFC471CF626A90056E480 /* Roboto-Bold.ttf */; };
		2B2BFC4A1CF626A90056E480 /* Roboto-Bold.ttf in Resources */ = {isa = PBXBuildFile; fileRef = 2B2BFC471CF626A90056E480 /* Roboto-Bold.ttf */; };
		2B2BFC4C1CF62D340056E480 /* LargeMedia.xcassets in Resources */ = {isa = PBXBuildFile; fileRef = 2B2BFC4B1CF62D340056E480 /* LargeMedia.xcassets */; };
		2B2BFC4D1CF62D340056E480 /* LargeMedia.xcassets in Resources */ = {isa = PBXBuildFile; fileRef = 2B2BFC4B1CF62D340056E480 /* LargeMedia.xcassets */; };
		2B2BFC4E1CF62D340056E480 /* LargeMedia.xcassets in Resources */ = {isa = PBXBuildFile; fileRef = 2B2BFC4B1CF62D340056E480 /* LargeMedia.xcassets */; };
		2B2BFC501CF62D4B0056E480 /* Tiles.atlas in Resources */ = {isa = PBXBuildFile; fileRef = 2B2BFC4F1CF62D4B0056E480 /* Tiles.atlas */; };
		2B2BFC511CF62D4B0056E480 /* Tiles.atlas in Resources */ = {isa = PBXBuildFile; fileRef = 2B2BFC4F1CF62D4B0056E480 /* Tiles.atlas */; };
		2B2BFC521CF62D4B0056E480 /* Tiles.atlas in Resources */ = {isa = PBXBuildFile; fileRef = 2B2BFC4F1CF62D4B0056E480 /* Tiles.atlas */; };
		2B2BFC541CF62DEB0056E480 /* button_click.wav in Resources */ = {isa = PBXBuildFile; fileRef = 2B2BFC531CF62DEB0056E480 /* button_click.wav */; };
		2B2BFC551CF62DEB0056E480 /* button_click.wav in Resources */ = {isa = PBXBuildFile; fileRef = 2B2BFC531CF62DEB0056E480 /* button_click.wav */; };
		2B2BFC561CF62DEB0056E480 /* button_click.wav in Resources */ = {isa = PBXBuildFile; fileRef = 2B2BFC531CF62DEB0056E480 /* button_click.wav */; };
		2B2BFC581CF62E340056E480 /* title.wav in Resources */ = {isa = PBXBuildFile; fileRef = 2B2BFC571CF62E340056E480 /* title.wav */; };
		2B2BFC591CF62E340056E480 /* title.wav in Resources */ = {isa = PBXBuildFile; fileRef = 2B2BFC571CF62E340056E480 /* title.wav */; };
		2B2BFC5A1CF62E340056E480 /* title.wav in Resources */ = {isa = PBXBuildFile; fileRef = 2B2BFC571CF62E340056E480 /* title.wav */; };
		2B2BFC5C1CF62E780056E480 /* diamond.wav in Resources */ = {isa = PBXBuildFile; fileRef = 2B2BFC5B1CF62E780056E480 /* diamond.wav */; };
		2B2BFC5D1CF62E780056E480 /* diamond.wav in Resources */ = {isa = PBXBuildFile; fileRef = 2B2BFC5B1CF62E780056E480 /* diamond.wav */; };
		2B2BFC5E1CF62E780056E480 /* diamond.wav in Resources */ = {isa = PBXBuildFile; fileRef = 2B2BFC5B1CF62E780056E480 /* diamond.wav */; };
		2B2BFC601CF62F7C0056E480 /* MainMenu.swift in Sources */ = {isa = PBXBuildFile; fileRef = 2B2BFC5F1CF62F7C0056E480 /* MainMenu.swift */; };
		2B2BFC611CF62F7C0056E480 /* MainMenu.swift in Sources */ = {isa = PBXBuildFile; fileRef = 2B2BFC5F1CF62F7C0056E480 /* MainMenu.swift */; };
		2B2BFC621CF62F7C0056E480 /* MainMenu.swift in Sources */ = {isa = PBXBuildFile; fileRef = 2B2BFC5F1CF62F7C0056E480 /* MainMenu.swift */; };
		2B2BFC641CF639850056E480 /* GamePlayMode.swift in Sources */ = {isa = PBXBuildFile; fileRef = 2B2BFC631CF639850056E480 /* GamePlayMode.swift */; };
		2B2BFC651CF639850056E480 /* GamePlayMode.swift in Sources */ = {isa = PBXBuildFile; fileRef = 2B2BFC631CF639850056E480 /* GamePlayMode.swift */; };
		2B2BFC661CF639850056E480 /* GamePlayMode.swift in Sources */ = {isa = PBXBuildFile; fileRef = 2B2BFC631CF639850056E480 /* GamePlayMode.swift */; };
		2B2BFC681CF63AF60056E480 /* PlayModeStates.swift in Sources */ = {isa = PBXBuildFile; fileRef = 2B2BFC671CF63AF60056E480 /* PlayModeStates.swift */; };
		2B2BFC691CF63AF60056E480 /* PlayModeStates.swift in Sources */ = {isa = PBXBuildFile; fileRef = 2B2BFC671CF63AF60056E480 /* PlayModeStates.swift */; };
		2B2BFC6A1CF63AF60056E480 /* PlayModeStates.swift in Sources */ = {isa = PBXBuildFile; fileRef = 2B2BFC671CF63AF60056E480 /* PlayModeStates.swift */; };
		2B2BFC6D1CF64D730056E480 /* TileLayer.swift in Sources */ = {isa = PBXBuildFile; fileRef = 2B2BFC6C1CF64D730056E480 /* TileLayer.swift */; };
		2B2BFC6E1CF64D730056E480 /* TileLayer.swift in Sources */ = {isa = PBXBuildFile; fileRef = 2B2BFC6C1CF64D730056E480 /* TileLayer.swift */; };
		2B2BFC6F1CF64D730056E480 /* TileLayer.swift in Sources */ = {isa = PBXBuildFile; fileRef = 2B2BFC6C1CF64D730056E480 /* TileLayer.swift */; };
		2B2BFC711CF64DC60056E480 /* GameIntro.swift in Sources */ = {isa = PBXBuildFile; fileRef = 2B2BFC701CF64DC60056E480 /* GameIntro.swift */; };
		2B2BFC721CF64DC60056E480 /* GameIntro.swift in Sources */ = {isa = PBXBuildFile; fileRef = 2B2BFC701CF64DC60056E480 /* GameIntro.swift */; };
		2B2BFC731CF64DC60056E480 /* GameIntro.swift in Sources */ = {isa = PBXBuildFile; fileRef = 2B2BFC701CF64DC60056E480 /* GameIntro.swift */; };
		2B2BFC751CF64DFA0056E480 /* LevelSelect.swift in Sources */ = {isa = PBXBuildFile; fileRef = 2B2BFC741CF64DFA0056E480 /* LevelSelect.swift */; };
		2B2BFC761CF64DFA0056E480 /* LevelSelect.swift in Sources */ = {isa = PBXBuildFile; fileRef = 2B2BFC741CF64DFA0056E480 /* LevelSelect.swift */; };
		2B2BFC771CF64DFA0056E480 /* LevelSelect.swift in Sources */ = {isa = PBXBuildFile; fileRef = 2B2BFC741CF64DFA0056E480 /* LevelSelect.swift */; };
		2B2BFC791CF64E2A0056E480 /* GameBuildMode.swift in Sources */ = {isa = PBXBuildFile; fileRef = 2B2BFC781CF64E2A0056E480 /* GameBuildMode.swift */; };
		2B2BFC7A1CF64E2A0056E480 /* GameBuildMode.swift in Sources */ = {isa = PBXBuildFile; fileRef = 2B2BFC781CF64E2A0056E480 /* GameBuildMode.swift */; };
		2B2BFC7B1CF64E2A0056E480 /* GameBuildMode.swift in Sources */ = {isa = PBXBuildFile; fileRef = 2B2BFC781CF64E2A0056E480 /* GameBuildMode.swift */; };
		2B2BFC7D1CF64E900056E480 /* PostScene.swift in Sources */ = {isa = PBXBuildFile; fileRef = 2B2BFC7C1CF64E900056E480 /* PostScene.swift */; };
		2B2BFC7E1CF64E900056E480 /* PostScene.swift in Sources */ = {isa = PBXBuildFile; fileRef = 2B2BFC7C1CF64E900056E480 /* PostScene.swift */; };
		2B2BFC7F1CF64E900056E480 /* PostScene.swift in Sources */ = {isa = PBXBuildFile; fileRef = 2B2BFC7C1CF64E900056E480 /* PostScene.swift */; };
		2B2BFC811CF64EDA0056E480 /* SpriteComponent.swift in Sources */ = {isa = PBXBuildFile; fileRef = 2B2BFC801CF64EDA0056E480 /* SpriteComponent.swift */; };
		2B2BFC821CF64EDA0056E480 /* SpriteComponent.swift in Sources */ = {isa = PBXBuildFile; fileRef = 2B2BFC801CF64EDA0056E480 /* SpriteComponent.swift */; };
		2B2BFC831CF64EDA0056E480 /* SpriteComponent.swift in Sources */ = {isa = PBXBuildFile; fileRef = 2B2BFC801CF64EDA0056E480 /* SpriteComponent.swift */; };
		2B2BFC851CF64EFB0056E480 /* AnimationComponent.swift in Sources */ = {isa = PBXBuildFile; fileRef = 2B2BFC841CF64EFB0056E480 /* AnimationComponent.swift */; };
		2B2BFC861CF64EFB0056E480 /* AnimationComponent.swift in Sources */ = {isa = PBXBuildFile; fileRef = 2B2BFC841CF64EFB0056E480 /* AnimationComponent.swift */; };
		2B2BFC871CF64EFB0056E480 /* AnimationComponent.swift in Sources */ = {isa = PBXBuildFile; fileRef = 2B2BFC841CF64EFB0056E480 /* AnimationComponent.swift */; };
		2B2BFC891CF64F410056E480 /* ParallaxComponent.swift in Sources */ = {isa = PBXBuildFile; fileRef = 2B2BFC881CF64F410056E480 /* ParallaxComponent.swift */; };
		2B2BFC8A1CF64F410056E480 /* ParallaxComponent.swift in Sources */ = {isa = PBXBuildFile; fileRef = 2B2BFC881CF64F410056E480 /* ParallaxComponent.swift */; };
		2B2BFC8B1CF64F410056E480 /* ParallaxComponent.swift in Sources */ = {isa = PBXBuildFile; fileRef = 2B2BFC881CF64F410056E480 /* ParallaxComponent.swift */; };
		2B2BFC8D1CF64F7D0056E480 /* PhysicsComponent.swift in Sources */ = {isa = PBXBuildFile; fileRef = 2B2BFC8C1CF64F7D0056E480 /* PhysicsComponent.swift */; };
		2B2BFC8E1CF64F7D0056E480 /* PhysicsComponent.swift in Sources */ = {isa = PBXBuildFile; fileRef = 2B2BFC8C1CF64F7D0056E480 /* PhysicsComponent.swift */; };
		2B2BFC8F1CF64F7D0056E480 /* PhysicsComponent.swift in Sources */ = {isa = PBXBuildFile; fileRef = 2B2BFC8C1CF64F7D0056E480 /* PhysicsComponent.swift */; };
		2B2BFC911CF64FA70056E480 /* SideScrollMovement.swift in Sources */ = {isa = PBXBuildFile; fileRef = 2B2BFC901CF64FA70056E480 /* SideScrollMovement.swift */; };
		2B2BFC921CF64FA70056E480 /* SideScrollMovement.swift in Sources */ = {isa = PBXBuildFile; fileRef = 2B2BFC901CF64FA70056E480 /* SideScrollMovement.swift */; };
		2B2BFC931CF64FA70056E480 /* SideScrollMovement.swift in Sources */ = {isa = PBXBuildFile; fileRef = 2B2BFC901CF64FA70056E480 /* SideScrollMovement.swift */; };
		2B2BFC951CF64FCF0056E480 /* ChaseScrollMovement.swift in Sources */ = {isa = PBXBuildFile; fileRef = 2B2BFC941CF64FCF0056E480 /* ChaseScrollMovement.swift */; };
		2B2BFC961CF64FCF0056E480 /* ChaseScrollMovement.swift in Sources */ = {isa = PBXBuildFile; fileRef = 2B2BFC941CF64FCF0056E480 /* ChaseScrollMovement.swift */; };
		2B2BFC971CF64FCF0056E480 /* ChaseScrollMovement.swift in Sources */ = {isa = PBXBuildFile; fileRef = 2B2BFC941CF64FCF0056E480 /* ChaseScrollMovement.swift */; };
		2B2BFC991CF650010056E480 /* SKTEntity.swift in Sources */ = {isa = PBXBuildFile; fileRef = 2B2BFC981CF650010056E480 /* SKTEntity.swift */; };
		2B2BFC9A1CF650010056E480 /* SKTEntity.swift in Sources */ = {isa = PBXBuildFile; fileRef = 2B2BFC981CF650010056E480 /* SKTEntity.swift */; };
		2B2BFC9B1CF650010056E480 /* SKTEntity.swift in Sources */ = {isa = PBXBuildFile; fileRef = 2B2BFC981CF650010056E480 /* SKTEntity.swift */; };
		2B2BFC9D1CF650270056E480 /* BackgroundEntity.swift in Sources */ = {isa = PBXBuildFile; fileRef = 2B2BFC9C1CF650270056E480 /* BackgroundEntity.swift */; };
		2B2BFC9E1CF650270056E480 /* BackgroundEntity.swift in Sources */ = {isa = PBXBuildFile; fileRef = 2B2BFC9C1CF650270056E480 /* BackgroundEntity.swift */; };
		2B2BFC9F1CF650270056E480 /* BackgroundEntity.swift in Sources */ = {isa = PBXBuildFile; fileRef = 2B2BFC9C1CF650270056E480 /* BackgroundEntity.swift */; };
		2B2BFCA11CF650710056E480 /* PlayerEntity.swift in Sources */ = {isa = PBXBuildFile; fileRef = 2B2BFCA01CF650710056E480 /* PlayerEntity.swift */; };
		2B2BFCA21CF650710056E480 /* PlayerEntity.swift in Sources */ = {isa = PBXBuildFile; fileRef = 2B2BFCA01CF650710056E480 /* PlayerEntity.swift */; };
		2B2BFCA31CF650710056E480 /* PlayerEntity.swift in Sources */ = {isa = PBXBuildFile; fileRef = 2B2BFCA01CF650710056E480 /* PlayerEntity.swift */; };
		2B2BFCA51CF651200056E480 /* FinishEntity.swift in Sources */ = {isa = PBXBuildFile; fileRef = 2B2BFCA41CF651200056E480 /* FinishEntity.swift */; };
		2B2BFCA61CF651200056E480 /* FinishEntity.swift in Sources */ = {isa = PBXBuildFile; fileRef = 2B2BFCA41CF651200056E480 /* FinishEntity.swift */; };
		2B2BFCA71CF651200056E480 /* FinishEntity.swift in Sources */ = {isa = PBXBuildFile; fileRef = 2B2BFCA41CF651200056E480 /* FinishEntity.swift */; };
		2B2BFCA91CF651460056E480 /* DiamondEntity.swift in Sources */ = {isa = PBXBuildFile; fileRef = 2B2BFCA81CF651460056E480 /* DiamondEntity.swift */; };
		2B2BFCAA1CF651460056E480 /* DiamondEntity.swift in Sources */ = {isa = PBXBuildFile; fileRef = 2B2BFCA81CF651460056E480 /* DiamondEntity.swift */; };
		2B2BFCAB1CF651460056E480 /* DiamondEntity.swift in Sources */ = {isa = PBXBuildFile; fileRef = 2B2BFCA81CF651460056E480 /* DiamondEntity.swift */; };
		2B2BFCAD1CF651810056E480 /* KillZoneEntity.swift in Sources */ = {isa = PBXBuildFile; fileRef = 2B2BFCAC1CF651810056E480 /* KillZoneEntity.swift */; };
		2B2BFCAE1CF651810056E480 /* KillZoneEntity.swift in Sources */ = {isa = PBXBuildFile; fileRef = 2B2BFCAC1CF651810056E480 /* KillZoneEntity.swift */; };
		2B2BFCAF1CF651810056E480 /* KillZoneEntity.swift in Sources */ = {isa = PBXBuildFile; fileRef = 2B2BFCAC1CF651810056E480 /* KillZoneEntity.swift */; };
		2B2BFCB11CF652030056E480 /* TileMapLevels.swift in Sources */ = {isa = PBXBuildFile; fileRef = 2B2BFCB01CF652030056E480 /* TileMapLevels.swift */; };
		2B2BFCB21CF652030056E480 /* TileMapLevels.swift in Sources */ = {isa = PBXBuildFile; fileRef = 2B2BFCB01CF652030056E480 /* TileMapLevels.swift */; };
		2B2BFCB31CF652030056E480 /* TileMapLevels.swift in Sources */ = {isa = PBXBuildFile; fileRef = 2B2BFCB01CF652030056E480 /* TileMapLevels.swift */; };
		2B2BFCB51CF652130056E480 /* TileMapBuilder.swift in Sources */ = {isa = PBXBuildFile; fileRef = 2B2BFCB41CF652130056E480 /* TileMapBuilder.swift */; };
		2B2BFCB61CF652130056E480 /* TileMapBuilder.swift in Sources */ = {isa = PBXBuildFile; fileRef = 2B2BFCB41CF652130056E480 /* TileMapBuilder.swift */; };
		2B2BFCB71CF652130056E480 /* TileMapBuilder.swift in Sources */ = {isa = PBXBuildFile; fileRef = 2B2BFCB41CF652130056E480 /* TileMapBuilder.swift */; };
		2B2BFCB91CFCC4C50056E480 /* IntenseCinematic.mp3 in Resources */ = {isa = PBXBuildFile; fileRef = 2B2BFCB81CFCC4C40056E480 /* IntenseCinematic.mp3 */; };
		2B2BFCBA1CFCC4C50056E480 /* IntenseCinematic.mp3 in Resources */ = {isa = PBXBuildFile; fileRef = 2B2BFCB81CFCC4C40056E480 /* IntenseCinematic.mp3 */; };
		2B2BFCBB1CFCC4C50056E480 /* IntenseCinematic.mp3 in Resources */ = {isa = PBXBuildFile; fileRef = 2B2BFCB81CFCC4C40056E480 /* IntenseCinematic.mp3 */; };
/* End PBXBuildFile section */

/* Begin PBXFileReference section */
		2B2BFB8F1CF4FFFB0056E480 /* MechOne.app */ = {isa = PBXFileReference; explicitFileType = wrapper.application; includeInIndex = 0; path = MechOne.app; sourceTree = BUILT_PRODUCTS_DIR; };
		2B2BFB921CF4FFFB0056E480 /* AppDelegate.swift */ = {isa = PBXFileReference; lastKnownFileType = sourcecode.swift; path = AppDelegate.swift; sourceTree = "<group>"; };
		2B2BFB981CF4FFFB0056E480 /* GameViewController.swift */ = {isa = PBXFileReference; lastKnownFileType = sourcecode.swift; path = GameViewController.swift; sourceTree = "<group>"; };
		2B2BFB9B1CF4FFFB0056E480 /* Base */ = {isa = PBXFileReference; lastKnownFileType = file.storyboard; name = Base; path = Base.lproj/Main.storyboard; sourceTree = "<group>"; };
		2B2BFB9D1CF4FFFB0056E480 /* Assets.xcassets */ = {isa = PBXFileReference; lastKnownFileType = folder.assetcatalog; path = Assets.xcassets; sourceTree = "<group>"; };
		2B2BFBA01CF4FFFB0056E480 /* Base */ = {isa = PBXFileReference; lastKnownFileType = file.storyboard; name = Base; path = Base.lproj/LaunchScreen.storyboard; sourceTree = "<group>"; };
		2B2BFBA21CF4FFFB0056E480 /* Info.plist */ = {isa = PBXFileReference; lastKnownFileType = text.plist.xml; path = Info.plist; sourceTree = "<group>"; };
		2B2BFBAC1CF50C0D0056E480 /* MechOne.app */ = {isa = PBXFileReference; explicitFileType = wrapper.application; includeInIndex = 0; path = MechOne.app; sourceTree = BUILT_PRODUCTS_DIR; };
		2B2BFBAE1CF50C0D0056E480 /* AppDelegate.swift */ = {isa = PBXFileReference; lastKnownFileType = sourcecode.swift; path = AppDelegate.swift; sourceTree = "<group>"; };
		2B2BFBB41CF50C0D0056E480 /* Assets.xcassets */ = {isa = PBXFileReference; lastKnownFileType = folder.assetcatalog; path = Assets.xcassets; sourceTree = "<group>"; };
		2B2BFBB71CF50C0D0056E480 /* Base */ = {isa = PBXFileReference; lastKnownFileType = file.xib; name = Base; path = Base.lproj/MainMenu.xib; sourceTree = "<group>"; };
		2B2BFBB91CF50C0D0056E480 /* Info.plist */ = {isa = PBXFileReference; lastKnownFileType = text.plist.xml; path = Info.plist; sourceTree = "<group>"; };
		2B2BFBC11CF50C840056E480 /* MechOne.app */ = {isa = PBXFileReference; explicitFileType = wrapper.application; includeInIndex = 0; path = MechOne.app; sourceTree = BUILT_PRODUCTS_DIR; };
		2B2BFBC31CF50C840056E480 /* AppDelegate.swift */ = {isa = PBXFileReference; lastKnownFileType = sourcecode.swift; path = AppDelegate.swift; sourceTree = "<group>"; };
		2B2BFBC71CF50C840056E480 /* GameScene.swift */ = {isa = PBXFileReference; lastKnownFileType = sourcecode.swift; name = GameScene.swift; path = "MechOne tvOS/GameScene.swift"; sourceTree = "<group>"; };
		2B2BFBC91CF50C840056E480 /* GameViewController.swift */ = {isa = PBXFileReference; lastKnownFileType = sourcecode.swift; path = GameViewController.swift; sourceTree = "<group>"; };
		2B2BFBCE1CF50C840056E480 /* Base */ = {isa = PBXFileReference; lastKnownFileType = file.storyboard; name = Base; path = Base.lproj/Main.storyboard; sourceTree = "<group>"; };
		2B2BFBD01CF50C840056E480 /* Assets.xcassets */ = {isa = PBXFileReference; lastKnownFileType = folder.assetcatalog; path = Assets.xcassets; sourceTree = "<group>"; };
		2B2BFBD21CF50C840056E480 /* Info.plist */ = {isa = PBXFileReference; lastKnownFileType = text.plist.xml; path = Info.plist; sourceTree = "<group>"; };
		2B2BFBE61CF50E0F0056E480 /* CGFloat+Extensions.swift */ = {isa = PBXFileReference; fileEncoding = 4; lastKnownFileType = sourcecode.swift; path = "CGFloat+Extensions.swift"; sourceTree = "<group>"; };
		2B2BFBE71CF50E0F0056E480 /* CGPoint+Extensions.swift */ = {isa = PBXFileReference; fileEncoding = 4; lastKnownFileType = sourcecode.swift; path = "CGPoint+Extensions.swift"; sourceTree = "<group>"; };
		2B2BFBE81CF50E0F0056E480 /* CGVector+Extensions.swift */ = {isa = PBXFileReference; fileEncoding = 4; lastKnownFileType = sourcecode.swift; path = "CGVector+Extensions.swift"; sourceTree = "<group>"; };
		2B2BFBE91CF50E0F0056E480 /* Int+Extensions.swift */ = {isa = PBXFileReference; fileEncoding = 4; lastKnownFileType = sourcecode.swift; path = "Int+Extensions.swift"; sourceTree = "<group>"; };
		2B2BFBEA1CF50E0F0056E480 /* SKAction+Extensions.swift */ = {isa = PBXFileReference; fileEncoding = 4; lastKnownFileType = sourcecode.swift; path = "SKAction+Extensions.swift"; sourceTree = "<group>"; };
		2B2BFBEB1CF50E0F0056E480 /* SKAction+SpecialEffects.swift */ = {isa = PBXFileReference; fileEncoding = 4; lastKnownFileType = sourcecode.swift; path = "SKAction+SpecialEffects.swift"; sourceTree = "<group>"; };
		2B2BFBEC1CF50E0F0056E480 /* SKColor+Extensions.swift */ = {isa = PBXFileReference; fileEncoding = 4; lastKnownFileType = sourcecode.swift; path = "SKColor+Extensions.swift"; sourceTree = "<group>"; };
		2B2BFBED1CF50E0F0056E480 /* SKNode+Extensions.swift */ = {isa = PBXFileReference; fileEncoding = 4; lastKnownFileType = sourcecode.swift; path = "SKNode+Extensions.swift"; sourceTree = "<group>"; };
		2B2BFBEE1CF50E0F0056E480 /* SKTAudio.swift */ = {isa = PBXFileReference; fileEncoding = 4; lastKnownFileType = sourcecode.swift; path = SKTAudio.swift; sourceTree = "<group>"; };
		2B2BFBEF1CF50E0F0056E480 /* SKTEffects.swift */ = {isa = PBXFileReference; fileEncoding = 4; lastKnownFileType = sourcecode.swift; path = SKTEffects.swift; sourceTree = "<group>"; };
		2B2BFBF01CF50E0F0056E480 /* SKTTimingFunctions.swift */ = {isa = PBXFileReference; fileEncoding = 4; lastKnownFileType = sourcecode.swift; path = SKTTimingFunctions.swift; sourceTree = "<group>"; };
		2B2BFBF11CF50E0F0056E480 /* Vector3.swift */ = {isa = PBXFileReference; fileEncoding = 4; lastKnownFileType = sourcecode.swift; path = Vector3.swift; sourceTree = "<group>"; };
		2B2BFC181CF50F790056E480 /* SKTScene.swift */ = {isa = PBXFileReference; fileEncoding = 4; lastKnownFileType = sourcecode.swift; path = SKTScene.swift; sourceTree = "<group>"; };
		2B2BFC1D1CF512670056E480 /* iOSResponder.swift */ = {isa = PBXFileReference; fileEncoding = 4; lastKnownFileType = sourcecode.swift; path = iOSResponder.swift; sourceTree = "<group>"; };
		2B2BFC211CF513A30056E480 /* OSXResponder.swift */ = {isa = PBXFileReference; fileEncoding = 4; lastKnownFileType = sourcecode.swift; path = OSXResponder.swift; sourceTree = "<group>"; };
		2B2BFC231CF5160F0056E480 /* SKTExtensions.swift */ = {isa = PBXFileReference; fileEncoding = 4; lastKnownFileType = sourcecode.swift; path = SKTExtensions.swift; sourceTree = "<group>"; };
		2B2BFC271CF516200056E480 /* SKTResolution.swift */ = {isa = PBXFileReference; fileEncoding = 4; lastKnownFileType = sourcecode.swift; path = SKTResolution.swift; sourceTree = "<group>"; };
		2B2BFC2B1CF517DB0056E480 /* SKTGameSettings.swift */ = {isa = PBXFileReference; fileEncoding = 4; lastKnownFileType = sourcecode.swift; path = SKTGameSettings.swift; sourceTree = "<group>"; };
		2B2BFC2F1CF527240056E480 /* Localizable.strings */ = {isa = PBXFileReference; fileEncoding = 4; lastKnownFileType = text.plist.strings; path = Localizable.strings; sourceTree = "<group>"; };
		2B2BFC371CF52A110056E480 /* jump.wav */ = {isa = PBXFileReference; lastKnownFileType = audio.wav; path = jump.wav; sourceTree = "<group>"; };
		2B2BFC3B1CF52A770056E480 /* died.wav */ = {isa = PBXFileReference; lastKnownFileType = audio.wav; path = died.wav; sourceTree = "<group>"; };
		2B2BFC3F1CF52B300056E480 /* pass.wav */ = {isa = PBXFileReference; lastKnownFileType = audio.wav; path = pass.wav; sourceTree = "<group>"; };
		2B2BFC431CF52CA30056E480 /* Mech.atlas */ = {isa = PBXFileReference; lastKnownFileType = folder.skatlas; path = Mech.atlas; sourceTree = "<group>"; };
		2B2BFC471CF626A90056E480 /* Roboto-Bold.ttf */ = {isa = PBXFileReference; lastKnownFileType = file; path = "Roboto-Bold.ttf"; sourceTree = "<group>"; };
		2B2BFC4B1CF62D340056E480 /* LargeMedia.xcassets */ = {isa = PBXFileReference; lastKnownFileType = folder.assetcatalog; path = LargeMedia.xcassets; sourceTree = "<group>"; };
		2B2BFC4F1CF62D4B0056E480 /* Tiles.atlas */ = {isa = PBXFileReference; lastKnownFileType = folder.skatlas; path = Tiles.atlas; sourceTree = "<group>"; };
		2B2BFC531CF62DEB0056E480 /* button_click.wav */ = {isa = PBXFileReference; lastKnownFileType = audio.wav; path = button_click.wav; sourceTree = "<group>"; };
		2B2BFC571CF62E340056E480 /* title.wav */ = {isa = PBXFileReference; lastKnownFileType = audio.wav; path = title.wav; sourceTree = "<group>"; };
		2B2BFC5B1CF62E780056E480 /* diamond.wav */ = {isa = PBXFileReference; lastKnownFileType = audio.wav; path = diamond.wav; sourceTree = "<group>"; };
		2B2BFC5F1CF62F7C0056E480 /* MainMenu.swift */ = {isa = PBXFileReference; fileEncoding = 4; lastKnownFileType = sourcecode.swift; path = MainMenu.swift; sourceTree = "<group>"; };
		2B2BFC631CF639850056E480 /* GamePlayMode.swift */ = {isa = PBXFileReference; fileEncoding = 4; lastKnownFileType = sourcecode.swift; path = GamePlayMode.swift; sourceTree = "<group>"; };
		2B2BFC671CF63AF60056E480 /* PlayModeStates.swift */ = {isa = PBXFileReference; fileEncoding = 4; lastKnownFileType = sourcecode.swift; path = PlayModeStates.swift; sourceTree = "<group>"; };
		2B2BFC6C1CF64D730056E480 /* TileLayer.swift */ = {isa = PBXFileReference; fileEncoding = 4; lastKnownFileType = sourcecode.swift; path = TileLayer.swift; sourceTree = "<group>"; };
		2B2BFC701CF64DC60056E480 /* GameIntro.swift */ = {isa = PBXFileReference; fileEncoding = 4; lastKnownFileType = sourcecode.swift; path = GameIntro.swift; sourceTree = "<group>"; };
		2B2BFC741CF64DFA0056E480 /* LevelSelect.swift */ = {isa = PBXFileReference; fileEncoding = 4; lastKnownFileType = sourcecode.swift; path = LevelSelect.swift; sourceTree = "<group>"; };
		2B2BFC781CF64E2A0056E480 /* GameBuildMode.swift */ = {isa = PBXFileReference; fileEncoding = 4; lastKnownFileType = sourcecode.swift; path = GameBuildMode.swift; sourceTree = "<group>"; };
		2B2BFC7C1CF64E900056E480 /* PostScene.swift */ = {isa = PBXFileReference; fileEncoding = 4; lastKnownFileType = sourcecode.swift; path = PostScene.swift; sourceTree = "<group>"; };
		2B2BFC801CF64EDA0056E480 /* SpriteComponent.swift */ = {isa = PBXFileReference; fileEncoding = 4; lastKnownFileType = sourcecode.swift; path = SpriteComponent.swift; sourceTree = "<group>"; };
		2B2BFC841CF64EFB0056E480 /* AnimationComponent.swift */ = {isa = PBXFileReference; fileEncoding = 4; lastKnownFileType = sourcecode.swift; path = AnimationComponent.swift; sourceTree = "<group>"; };
		2B2BFC881CF64F410056E480 /* ParallaxComponent.swift */ = {isa = PBXFileReference; fileEncoding = 4; lastKnownFileType = sourcecode.swift; path = ParallaxComponent.swift; sourceTree = "<group>"; };
		2B2BFC8C1CF64F7D0056E480 /* PhysicsComponent.swift */ = {isa = PBXFileReference; fileEncoding = 4; lastKnownFileType = sourcecode.swift; path = PhysicsComponent.swift; sourceTree = "<group>"; };
		2B2BFC901CF64FA70056E480 /* SideScrollMovement.swift */ = {isa = PBXFileReference; fileEncoding = 4; lastKnownFileType = sourcecode.swift; path = SideScrollMovement.swift; sourceTree = "<group>"; };
		2B2BFC941CF64FCF0056E480 /* ChaseScrollMovement.swift */ = {isa = PBXFileReference; fileEncoding = 4; lastKnownFileType = sourcecode.swift; path = ChaseScrollMovement.swift; sourceTree = "<group>"; };
		2B2BFC981CF650010056E480 /* SKTEntity.swift */ = {isa = PBXFileReference; fileEncoding = 4; lastKnownFileType = sourcecode.swift; path = SKTEntity.swift; sourceTree = "<group>"; };
		2B2BFC9C1CF650270056E480 /* BackgroundEntity.swift */ = {isa = PBXFileReference; fileEncoding = 4; lastKnownFileType = sourcecode.swift; path = BackgroundEntity.swift; sourceTree = "<group>"; };
		2B2BFCA01CF650710056E480 /* PlayerEntity.swift */ = {isa = PBXFileReference; fileEncoding = 4; lastKnownFileType = sourcecode.swift; path = PlayerEntity.swift; sourceTree = "<group>"; };
		2B2BFCA41CF651200056E480 /* FinishEntity.swift */ = {isa = PBXFileReference; fileEncoding = 4; lastKnownFileType = sourcecode.swift; path = FinishEntity.swift; sourceTree = "<group>"; };
		2B2BFCA81CF651460056E480 /* DiamondEntity.swift */ = {isa = PBXFileReference; fileEncoding = 4; lastKnownFileType = sourcecode.swift; path = DiamondEntity.swift; sourceTree = "<group>"; };
		2B2BFCAC1CF651810056E480 /* KillZoneEntity.swift */ = {isa = PBXFileReference; fileEncoding = 4; lastKnownFileType = sourcecode.swift; path = KillZoneEntity.swift; sourceTree = "<group>"; };
		2B2BFCB01CF652030056E480 /* TileMapLevels.swift */ = {isa = PBXFileReference; fileEncoding = 4; lastKnownFileType = sourcecode.swift; path = TileMapLevels.swift; sourceTree = "<group>"; };
		2B2BFCB41CF652130056E480 /* TileMapBuilder.swift */ = {isa = PBXFileReference; fileEncoding = 4; lastKnownFileType = sourcecode.swift; path = TileMapBuilder.swift; sourceTree = "<group>"; };
		2B2BFCB81CFCC4C40056E480 /* IntenseCinematic.mp3 */ = {isa = PBXFileReference; lastKnownFileType = audio.mp3; path = IntenseCinematic.mp3; sourceTree = "<group>"; };
		2B37C98B1D0272FD00C7CF39 /* MechOne.entitlements */ = {isa = PBXFileReference; lastKnownFileType = text.xml; name = MechOne.entitlements; path = "MechOne OSX/MechOne.entitlements"; sourceTree = "<group>"; };
/* End PBXFileReference section */

/* Begin PBXFrameworksBuildPhase section */
		2B2BFB8C1CF4FFFB0056E480 /* Frameworks */ = {
			isa = PBXFrameworksBuildPhase;
			buildActionMask = 2147483647;
			files = (
			);
			runOnlyForDeploymentPostprocessing = 0;
		};
		2B2BFBA91CF50C0D0056E480 /* Frameworks */ = {
			isa = PBXFrameworksBuildPhase;
			buildActionMask = 2147483647;
			files = (
			);
			runOnlyForDeploymentPostprocessing = 0;
		};
		2B2BFBBE1CF50C840056E480 /* Frameworks */ = {
			isa = PBXFrameworksBuildPhase;
			buildActionMask = 2147483647;
			files = (
			);
			runOnlyForDeploymentPostprocessing = 0;
		};
/* End PBXFrameworksBuildPhase section */

/* Begin PBXGroup section */
		2B2BFB861CF4FFFB0056E480 = {
			isa = PBXGroup;
			children = (
				2B37C98B1D0272FD00C7CF39 /* MechOne.entitlements */,
				2B2BFBD61CF50C920056E480 /* Shared Game */,
				2B2BFB911CF4FFFB0056E480 /* iOS Controller */,
				2B2BFBAD1CF50C0D0056E480 /* OSX Controller */,
				2B2BFBC21CF50C840056E480 /* tvOS Controller */,
				2B2BFB901CF4FFFB0056E480 /* Products */,
			);
			sourceTree = "<group>";
		};
		2B2BFB901CF4FFFB0056E480 /* Products */ = {
			isa = PBXGroup;
			children = (
				2B2BFB8F1CF4FFFB0056E480 /* MechOne.app */,
				2B2BFBAC1CF50C0D0056E480 /* MechOne.app */,
				2B2BFBC11CF50C840056E480 /* MechOne.app */,
			);
			name = Products;
			sourceTree = "<group>";
		};
		2B2BFB911CF4FFFB0056E480 /* iOS Controller */ = {
			isa = PBXGroup;
			children = (
				2B2BFB921CF4FFFB0056E480 /* AppDelegate.swift */,
				2B2BFB981CF4FFFB0056E480 /* GameViewController.swift */,
				2B2BFB9A1CF4FFFB0056E480 /* Main.storyboard */,
				2B2BFB9D1CF4FFFB0056E480 /* Assets.xcassets */,
				2B2BFB9F1CF4FFFB0056E480 /* LaunchScreen.storyboard */,
				2B2BFBA21CF4FFFB0056E480 /* Info.plist */,
			);
			name = "iOS Controller";
			path = MechOne;
			sourceTree = "<group>";
		};
		2B2BFBAD1CF50C0D0056E480 /* OSX Controller */ = {
			isa = PBXGroup;
			children = (
				2B2BFBAE1CF50C0D0056E480 /* AppDelegate.swift */,
				2B2BFBB41CF50C0D0056E480 /* Assets.xcassets */,
				2B2BFBB61CF50C0D0056E480 /* MainMenu.xib */,
				2B2BFBB91CF50C0D0056E480 /* Info.plist */,
			);
			name = "OSX Controller";
			path = "MechOne OSX";
			sourceTree = "<group>";
		};
		2B2BFBC21CF50C840056E480 /* tvOS Controller */ = {
			isa = PBXGroup;
			children = (
				2B2BFBC31CF50C840056E480 /* AppDelegate.swift */,
				2B2BFBC91CF50C840056E480 /* GameViewController.swift */,
				2B2BFBCD1CF50C840056E480 /* Main.storyboard */,
				2B2BFBD01CF50C840056E480 /* Assets.xcassets */,
				2B2BFBD21CF50C840056E480 /* Info.plist */,
			);
			name = "tvOS Controller";
			path = "MechOne tvOS";
			sourceTree = "<group>";
		};
		2B2BFBD61CF50C920056E480 /* Shared Game */ = {
			isa = PBXGroup;
			children = (
				2B2BFBE01CF50D790056E480 /* Resources */,
				2B2BFBDF1CF50D5A0056E480 /* Libraries */,
				2B2BFBDE1CF50D4F0056E480 /* States */,
				2B2BFBDD1CF50D450056E480 /* Entities */,
				2B2BFBDC1CF50D360056E480 /* Components */,
				2B2BFBDB1CF50D260056E480 /* Scenes */,
			);
			name = "Shared Game";
			sourceTree = "<group>";
		};
		2B2BFBDB1CF50D260056E480 /* Scenes */ = {
			isa = PBXGroup;
			children = (
				2B2BFC6B1CF64D600056E480 /* Layers */,
				2B2BFC5F1CF62F7C0056E480 /* MainMenu.swift */,
				2B2BFBC71CF50C840056E480 /* GameScene.swift */,
				2B2BFC631CF639850056E480 /* GamePlayMode.swift */,
				2B2BFC701CF64DC60056E480 /* GameIntro.swift */,
				2B2BFC741CF64DFA0056E480 /* LevelSelect.swift */,
				2B2BFC781CF64E2A0056E480 /* GameBuildMode.swift */,
				2B2BFC7C1CF64E900056E480 /* PostScene.swift */,
			);
			name = Scenes;
			sourceTree = "<group>";
		};
		2B2BFBDC1CF50D360056E480 /* Components */ = {
			isa = PBXGroup;
			children = (
				2B2BFC801CF64EDA0056E480 /* SpriteComponent.swift */,
				2B2BFC841CF64EFB0056E480 /* AnimationComponent.swift */,
				2B2BFC881CF64F410056E480 /* ParallaxComponent.swift */,
				2B2BFC8C1CF64F7D0056E480 /* PhysicsComponent.swift */,
				2B2BFC901CF64FA70056E480 /* SideScrollMovement.swift */,
				2B2BFC941CF64FCF0056E480 /* ChaseScrollMovement.swift */,
			);
			name = Components;
			sourceTree = "<group>";
		};
		2B2BFBDD1CF50D450056E480 /* Entities */ = {
			isa = PBXGroup;
			children = (
				2B2BFC981CF650010056E480 /* SKTEntity.swift */,
				2B2BFC9C1CF650270056E480 /* BackgroundEntity.swift */,
				2B2BFCA01CF650710056E480 /* PlayerEntity.swift */,
				2B2BFCA41CF651200056E480 /* FinishEntity.swift */,
				2B2BFCA81CF651460056E480 /* DiamondEntity.swift */,
				2B2BFCAC1CF651810056E480 /* KillZoneEntity.swift */,
			);
			name = Entities;
			sourceTree = "<group>";
		};
		2B2BFBDE1CF50D4F0056E480 /* States */ = {
			isa = PBXGroup;
			children = (
				2B2BFC671CF63AF60056E480 /* PlayModeStates.swift */,
			);
			name = States;
			sourceTree = "<group>";
		};
		2B2BFBDF1CF50D5A0056E480 /* Libraries */ = {
			isa = PBXGroup;
			children = (
				2B2BFC171CF50EFA0056E480 /* SKTControllers */,
				2B2BFC161CF50EE20056E480 /* SKTEngine */,
				2B2BFBE51CF50E0F0056E480 /* SKTUtils */,
			);
			name = Libraries;
			sourceTree = "<group>";
		};
		2B2BFBE01CF50D790056E480 /* Resources */ = {
			isa = PBXGroup;
			children = (
				2B2BFBE11CF50D810056E480 /* Content */,
				2B2BFBE21CF50D880056E480 /* Music */,
				2B2BFBE31CF50D8F0056E480 /* Sounds */,
				2B2BFBE41CF50D960056E480 /* Artwork */,
			);
			name = Resources;
			sourceTree = "<group>";
		};
		2B2BFBE11CF50D810056E480 /* Content */ = {
			isa = PBXGroup;
			children = (
				2B2BFC2F1CF527240056E480 /* Localizable.strings */,
				2B2BFC471CF626A90056E480 /* Roboto-Bold.ttf */,
			);
			name = Content;
			sourceTree = "<group>";
		};
		2B2BFBE21CF50D880056E480 /* Music */ = {
			isa = PBXGroup;
			children = (
				2B2BFCB81CFCC4C40056E480 /* IntenseCinematic.mp3 */,
			);
			name = Music;
			sourceTree = "<group>";
		};
		2B2BFBE31CF50D8F0056E480 /* Sounds */ = {
			isa = PBXGroup;
			children = (
				2B2BFC371CF52A110056E480 /* jump.wav */,
				2B2BFC3B1CF52A770056E480 /* died.wav */,
				2B2BFC3F1CF52B300056E480 /* pass.wav */,
				2B2BFC531CF62DEB0056E480 /* button_click.wav */,
				2B2BFC571CF62E340056E480 /* title.wav */,
				2B2BFC5B1CF62E780056E480 /* diamond.wav */,
			);
			name = Sounds;
			sourceTree = "<group>";
		};
		2B2BFBE41CF50D960056E480 /* Artwork */ = {
			isa = PBXGroup;
			children = (
				2B2BFC431CF52CA30056E480 /* Mech.atlas */,
				2B2BFC4B1CF62D340056E480 /* LargeMedia.xcassets */,
				2B2BFC4F1CF62D4B0056E480 /* Tiles.atlas */,
			);
			name = Artwork;
			sourceTree = "<group>";
		};
		2B2BFBE51CF50E0F0056E480 /* SKTUtils */ = {
			isa = PBXGroup;
			children = (
				2B2BFBE61CF50E0F0056E480 /* CGFloat+Extensions.swift */,
				2B2BFBE71CF50E0F0056E480 /* CGPoint+Extensions.swift */,
				2B2BFBE81CF50E0F0056E480 /* CGVector+Extensions.swift */,
				2B2BFBE91CF50E0F0056E480 /* Int+Extensions.swift */,
				2B2BFBEA1CF50E0F0056E480 /* SKAction+Extensions.swift */,
				2B2BFBEB1CF50E0F0056E480 /* SKAction+SpecialEffects.swift */,
				2B2BFBEC1CF50E0F0056E480 /* SKColor+Extensions.swift */,
				2B2BFBED1CF50E0F0056E480 /* SKNode+Extensions.swift */,
				2B2BFBEE1CF50E0F0056E480 /* SKTAudio.swift */,
				2B2BFBEF1CF50E0F0056E480 /* SKTEffects.swift */,
				2B2BFBF01CF50E0F0056E480 /* SKTTimingFunctions.swift */,
				2B2BFBF11CF50E0F0056E480 /* Vector3.swift */,
			);
			path = SKTUtils;
			sourceTree = "<group>";
		};
		2B2BFC161CF50EE20056E480 /* SKTEngine */ = {
			isa = PBXGroup;
			children = (
				2B2BFC1C1CF512290056E480 /* SKTSceneResponders */,
				2B2BFC181CF50F790056E480 /* SKTScene.swift */,
				2B2BFC231CF5160F0056E480 /* SKTExtensions.swift */,
				2B2BFC271CF516200056E480 /* SKTResolution.swift */,
			);
			name = SKTEngine;
			sourceTree = "<group>";
		};
		2B2BFC171CF50EFA0056E480 /* SKTControllers */ = {
			isa = PBXGroup;
			children = (
				2B2BFC2B1CF517DB0056E480 /* SKTGameSettings.swift */,
				2B2BFCB01CF652030056E480 /* TileMapLevels.swift */,
				2B2BFCB41CF652130056E480 /* TileMapBuilder.swift */,
			);
			name = SKTControllers;
			sourceTree = "<group>";
		};
		2B2BFC1C1CF512290056E480 /* SKTSceneResponders */ = {
			isa = PBXGroup;
			children = (
				2B2BFC1D1CF512670056E480 /* iOSResponder.swift */,
				2B2BFC211CF513A30056E480 /* OSXResponder.swift */,
			);
			name = SKTSceneResponders;
			sourceTree = "<group>";
		};
		2B2BFC6B1CF64D600056E480 /* Layers */ = {
			isa = PBXGroup;
			children = (
				2B2BFC6C1CF64D730056E480 /* TileLayer.swift */,
			);
			name = Layers;
			sourceTree = "<group>";
		};
/* End PBXGroup section */

/* Begin PBXNativeTarget section */
		2B2BFB8E1CF4FFFB0056E480 /* MechOne */ = {
			isa = PBXNativeTarget;
			buildConfigurationList = 2B2BFBA51CF4FFFB0056E480 /* Build configuration list for PBXNativeTarget "MechOne" */;
			buildPhases = (
				2B2BFB8B1CF4FFFB0056E480 /* Sources */,
				2B2BFB8C1CF4FFFB0056E480 /* Frameworks */,
				2B2BFB8D1CF4FFFB0056E480 /* Resources */,
			);
			buildRules = (
			);
			dependencies = (
			);
			name = MechOne;
			productName = MechOne;
			productReference = 2B2BFB8F1CF4FFFB0056E480 /* MechOne.app */;
			productType = "com.apple.product-type.application";
		};
		2B2BFBAB1CF50C0D0056E480 /* MechOne OSX */ = {
			isa = PBXNativeTarget;
			buildConfigurationList = 2B2BFBBA1CF50C0D0056E480 /* Build configuration list for PBXNativeTarget "MechOne OSX" */;
			buildPhases = (
				2B2BFBA81CF50C0D0056E480 /* Sources */,
				2B2BFBA91CF50C0D0056E480 /* Frameworks */,
				2B2BFBAA1CF50C0D0056E480 /* Resources */,
			);
			buildRules = (
			);
			dependencies = (
			);
			name = "MechOne OSX";
			productName = "MechOne OSX";
			productReference = 2B2BFBAC1CF50C0D0056E480 /* MechOne.app */;
			productType = "com.apple.product-type.application";
		};
		2B2BFBC01CF50C840056E480 /* MechOne tvOS */ = {
			isa = PBXNativeTarget;
			buildConfigurationList = 2B2BFBD31CF50C840056E480 /* Build configuration list for PBXNativeTarget "MechOne tvOS" */;
			buildPhases = (
				2B2BFBBD1CF50C840056E480 /* Sources */,
				2B2BFBBE1CF50C840056E480 /* Frameworks */,
				2B2BFBBF1CF50C840056E480 /* Resources */,
			);
			buildRules = (
			);
			dependencies = (
			);
			name = "MechOne tvOS";
			productName = "MechOne tvOS";
			productReference = 2B2BFBC11CF50C840056E480 /* MechOne.app */;
			productType = "com.apple.product-type.application";
		};
/* End PBXNativeTarget section */

/* Begin PBXProject section */
		2B2BFB871CF4FFFB0056E480 /* Project object */ = {
			isa = PBXProject;
			attributes = {
				LastSwiftUpdateCheck = 0730;
				LastUpgradeCheck = 0730;
				ORGANIZATIONNAME = "James Dyer";
				TargetAttributes = {
					2B2BFB8E1CF4FFFB0056E480 = {
						CreatedOnToolsVersion = 7.3.1;
						DevelopmentTeam = D6HFQ75KS5;
					};
					2B2BFBAB1CF50C0D0056E480 = {
						CreatedOnToolsVersion = 7.3.1;
						DevelopmentTeam = D6HFQ75KS5;
						SystemCapabilities = {
							com.apple.Sandbox = {
								enabled = 1;
							};
						};
					};
					2B2BFBC01CF50C840056E480 = {
						CreatedOnToolsVersion = 7.3.1;
						DevelopmentTeam = D6HFQ75KS5;
					};
				};
			};
			buildConfigurationList = 2B2BFB8A1CF4FFFB0056E480 /* Build configuration list for PBXProject "MechOne" */;
			compatibilityVersion = "Xcode 3.2";
			developmentRegion = English;
			hasScannedForEncodings = 0;
			knownRegions = (
				en,
				Base,
			);
			mainGroup = 2B2BFB861CF4FFFB0056E480;
			productRefGroup = 2B2BFB901CF4FFFB0056E480 /* Products */;
			projectDirPath = "";
			projectRoot = "";
			targets = (
				2B2BFB8E1CF4FFFB0056E480 /* MechOne */,
				2B2BFBAB1CF50C0D0056E480 /* MechOne OSX */,
				2B2BFBC01CF50C840056E480 /* MechOne tvOS */,
			);
		};
/* End PBXProject section */

/* Begin PBXResourcesBuildPhase section */
		2B2BFB8D1CF4FFFB0056E480 /* Resources */ = {
			isa = PBXResourcesBuildPhase;
			buildActionMask = 2147483647;
			files = (
				2B2BFC381CF52A110056E480 /* jump.wav in Resources */,
				2B2BFC541CF62DEB0056E480 /* button_click.wav in Resources */,
				2B2BFC481CF626A90056E480 /* Roboto-Bold.ttf in Resources */,
				2B2BFBA11CF4FFFB0056E480 /* LaunchScreen.storyboard in Resources */,
				2B2BFCB91CFCC4C50056E480 /* IntenseCinematic.mp3 in Resources */,
				2B2BFC301CF527240056E480 /* Localizable.strings in Resources */,
				2B2BFC401CF52B300056E480 /* pass.wav in Resources */,
				2B2BFB9E1CF4FFFB0056E480 /* Assets.xcassets in Resources */,
				2B2BFC441CF52CA30056E480 /* Mech.atlas in Resources */,
				2B2BFC5C1CF62E780056E480 /* diamond.wav in Resources */,
				2B2BFC3C1CF52A770056E480 /* died.wav in Resources */,
				2B2BFC4C1CF62D340056E480 /* LargeMedia.xcassets in Resources */,
				2B2BFB9C1CF4FFFB0056E480 /* Main.storyboard in Resources */,
				2B2BFC501CF62D4B0056E480 /* Tiles.atlas in Resources */,
				2B2BFC581CF62E340056E480 /* title.wav in Resources */,
			);
			runOnlyForDeploymentPostprocessing = 0;
		};
		2B2BFBAA1CF50C0D0056E480 /* Resources */ = {
			isa = PBXResourcesBuildPhase;
			buildActionMask = 2147483647;
			files = (
				2B2BFBB51CF50C0D0056E480 /* Assets.xcassets in Resources */,
				2B2BFC311CF527240056E480 /* Localizable.strings in Resources */,
				2B2BFC451CF52CA30056E480 /* Mech.atlas in Resources */,
				2B2BFC391CF52A110056E480 /* jump.wav in Resources */,
				2B2BFC4D1CF62D340056E480 /* LargeMedia.xcassets in Resources */,
				2B2BFC551CF62DEB0056E480 /* button_click.wav in Resources */,
				2B2BFCBA1CFCC4C50056E480 /* IntenseCinematic.mp3 in Resources */,
				2B2BFC5D1CF62E780056E480 /* diamond.wav in Resources */,
				2B2BFC591CF62E340056E480 /* title.wav in Resources */,
				2B2BFC511CF62D4B0056E480 /* Tiles.atlas in Resources */,
				2B2BFC491CF626A90056E480 /* Roboto-Bold.ttf in Resources */,
				2B2BFC411CF52B300056E480 /* pass.wav in Resources */,
				2B2BFC3D1CF52A770056E480 /* died.wav in Resources */,
				2B2BFBB81CF50C0D0056E480 /* MainMenu.xib in Resources */,
			);
			runOnlyForDeploymentPostprocessing = 0;
		};
		2B2BFBBF1CF50C840056E480 /* Resources */ = {
			isa = PBXResourcesBuildPhase;
			buildActionMask = 2147483647;
			files = (
				2B2BFC3A1CF52A110056E480 /* jump.wav in Resources */,
				2B2BFC561CF62DEB0056E480 /* button_click.wav in Resources */,
				2B2BFC4A1CF626A90056E480 /* Roboto-Bold.ttf in Resources */,
				2B2BFBCF1CF50C840056E480 /* Main.storyboard in Resources */,
				2B2BFC321CF527240056E480 /* Localizable.strings in Resources */,
				2B2BFCBB1CFCC4C50056E480 /* IntenseCinematic.mp3 in Resources */,
				2B2BFC421CF52B300056E480 /* pass.wav in Resources */,
				2B2BFBD11CF50C840056E480 /* Assets.xcassets in Resources */,
				2B2BFC461CF52CA30056E480 /* Mech.atlas in Resources */,
				2B2BFC5E1CF62E780056E480 /* diamond.wav in Resources */,
				2B2BFC3E1CF52A770056E480 /* died.wav in Resources */,
				2B2BFC4E1CF62D340056E480 /* LargeMedia.xcassets in Resources */,
				2B2BFC521CF62D4B0056E480 /* Tiles.atlas in Resources */,
				2B2BFC5A1CF62E340056E480 /* title.wav in Resources */,
			);
			runOnlyForDeploymentPostprocessing = 0;
		};
/* End PBXResourcesBuildPhase section */

/* Begin PBXSourcesBuildPhase section */
		2B2BFB8B1CF4FFFB0056E480 /* Sources */ = {
			isa = PBXSourcesBuildPhase;
			buildActionMask = 2147483647;
			files = (
				2B2BFB991CF4FFFB0056E480 /* GameViewController.swift in Sources */,
				2B2BFC911CF64FA70056E480 /* SideScrollMovement.swift in Sources */,
				2B2BFC2C1CF517DB0056E480 /* SKTGameSettings.swift in Sources */,
				2B2BFC991CF650010056E480 /* SKTEntity.swift in Sources */,
				2B2BFBF51CF50E0F0056E480 /* CGPoint+Extensions.swift in Sources */,
				2B2BFC711CF64DC60056E480 /* GameIntro.swift in Sources */,
				2B2BFCA11CF650710056E480 /* PlayerEntity.swift in Sources */,
				2B2BFC101CF50E0F0056E480 /* SKTTimingFunctions.swift in Sources */,
				2B2BFC0D1CF50E0F0056E480 /* SKTEffects.swift in Sources */,
				2B2BFC851CF64EFB0056E480 /* AnimationComponent.swift in Sources */,
				2B2BFC951CF64FCF0056E480 /* ChaseScrollMovement.swift in Sources */,
				2B2BFC8D1CF64F7D0056E480 /* PhysicsComponent.swift in Sources */,
				2B2BFC011CF50E0F0056E480 /* SKAction+SpecialEffects.swift in Sources */,
				2B2BFC281CF516200056E480 /* SKTResolution.swift in Sources */,
				2B2BFC1E1CF512670056E480 /* iOSResponder.swift in Sources */,
				2B2BFC9D1CF650270056E480 /* BackgroundEntity.swift in Sources */,
				2B2BFC641CF639850056E480 /* GamePlayMode.swift in Sources */,
				2B2BFC7D1CF64E900056E480 /* PostScene.swift in Sources */,
				2B2BFBF81CF50E0F0056E480 /* CGVector+Extensions.swift in Sources */,
				2B2BFCA51CF651200056E480 /* FinishEntity.swift in Sources */,
				2B2BFCAD1CF651810056E480 /* KillZoneEntity.swift in Sources */,
				2B2BFCB11CF652030056E480 /* TileMapLevels.swift in Sources */,
				2B2BFBFE1CF50E0F0056E480 /* SKAction+Extensions.swift in Sources */,
				2B2BFC241CF5160F0056E480 /* SKTExtensions.swift in Sources */,
				2B2BFC041CF50E0F0056E480 /* SKColor+Extensions.swift in Sources */,
				2B2BFC791CF64E2A0056E480 /* GameBuildMode.swift in Sources */,
				2B2BFC6D1CF64D730056E480 /* TileLayer.swift in Sources */,
				2B2BFC811CF64EDA0056E480 /* SpriteComponent.swift in Sources */,
				2B2BFBDA1CF50CB30056E480 /* GameScene.swift in Sources */,
				2B2BFCA91CF651460056E480 /* DiamondEntity.swift in Sources */,
				2B2BFC751CF64DFA0056E480 /* LevelSelect.swift in Sources */,
				2B2BFC891CF64F410056E480 /* ParallaxComponent.swift in Sources */,
				2B2BFC191CF50F790056E480 /* SKTScene.swift in Sources */,
				2B2BFBFB1CF50E0F0056E480 /* Int+Extensions.swift in Sources */,
				2B2BFCB51CF652130056E480 /* TileMapBuilder.swift in Sources */,
				2B2BFC071CF50E0F0056E480 /* SKNode+Extensions.swift in Sources */,
				2B2BFC601CF62F7C0056E480 /* MainMenu.swift in Sources */,
				2B2BFC0A1CF50E0F0056E480 /* SKTAudio.swift in Sources */,
				2B2BFC681CF63AF60056E480 /* PlayModeStates.swift in Sources */,
				2B2BFBF21CF50E0F0056E480 /* CGFloat+Extensions.swift in Sources */,
				2B2BFC131CF50E0F0056E480 /* Vector3.swift in Sources */,
				2B2BFB931CF4FFFB0056E480 /* AppDelegate.swift in Sources */,
			);
			runOnlyForDeploymentPostprocessing = 0;
		};
		2B2BFBA81CF50C0D0056E480 /* Sources */ = {
			isa = PBXSourcesBuildPhase;
			buildActionMask = 2147483647;
			files = (
				2B2BFC8A1CF64F410056E480 /* ParallaxComponent.swift in Sources */,
				2B2BFC021CF50E0F0056E480 /* SKAction+SpecialEffects.swift in Sources */,
				2B2BFC0E1CF50E0F0056E480 /* SKTEffects.swift in Sources */,
				2B2BFC821CF64EDA0056E480 /* SpriteComponent.swift in Sources */,
				2B2BFC7E1CF64E900056E480 /* PostScene.swift in Sources */,
				2B2BFBF91CF50E0F0056E480 /* CGVector+Extensions.swift in Sources */,
				2B2BFC1A1CF50F790056E480 /* SKTScene.swift in Sources */,
				2B2BFC8E1CF64F7D0056E480 /* PhysicsComponent.swift in Sources */,
				2B2BFBD91CF50CB30056E480 /* GameScene.swift in Sources */,
				2B2BFC7A1CF64E2A0056E480 /* GameBuildMode.swift in Sources */,
				2B2BFBFF1CF50E0F0056E480 /* SKAction+Extensions.swift in Sources */,
				2B2BFC051CF50E0F0056E480 /* SKColor+Extensions.swift in Sources */,
				2B2BFC651CF639850056E480 /* GamePlayMode.swift in Sources */,
				2B2BFC141CF50E0F0056E480 /* Vector3.swift in Sources */,
				2B2BFC0B1CF50E0F0056E480 /* SKTAudio.swift in Sources */,
				2B2BFCA21CF650710056E480 /* PlayerEntity.swift in Sources */,
				2B2BFC251CF5160F0056E480 /* SKTExtensions.swift in Sources */,
				2B2BFCA61CF651200056E480 /* FinishEntity.swift in Sources */,
				2B2BFC291CF516200056E480 /* SKTResolution.swift in Sources */,
				2B2BFCAA1CF651460056E480 /* DiamondEntity.swift in Sources */,
				2B2BFC761CF64DFA0056E480 /* LevelSelect.swift in Sources */,
				2B2BFC921CF64FA70056E480 /* SideScrollMovement.swift in Sources */,
				2B2BFC221CF513A30056E480 /* OSXResponder.swift in Sources */,
				2B2BFC2D1CF517DB0056E480 /* SKTGameSettings.swift in Sources */,
				2B2BFBF31CF50E0F0056E480 /* CGFloat+Extensions.swift in Sources */,
				2B2BFBFC1CF50E0F0056E480 /* Int+Extensions.swift in Sources */,
				2B2BFCAE1CF651810056E480 /* KillZoneEntity.swift in Sources */,
				2B2BFCB61CF652130056E480 /* TileMapBuilder.swift in Sources */,
				2B2BFC611CF62F7C0056E480 /* MainMenu.swift in Sources */,
				2B2BFC961CF64FCF0056E480 /* ChaseScrollMovement.swift in Sources */,
				2B2BFCB21CF652030056E480 /* TileMapLevels.swift in Sources */,
				2B2BFC861CF64EFB0056E480 /* AnimationComponent.swift in Sources */,
				2B2BFC9A1CF650010056E480 /* SKTEntity.swift in Sources */,
				2B2BFC721CF64DC60056E480 /* GameIntro.swift in Sources */,
				2B2BFC111CF50E0F0056E480 /* SKTTimingFunctions.swift in Sources */,
				2B2BFC6E1CF64D730056E480 /* TileLayer.swift in Sources */,
				2B2BFC081CF50E0F0056E480 /* SKNode+Extensions.swift in Sources */,
				2B2BFBF61CF50E0F0056E480 /* CGPoint+Extensions.swift in Sources */,
				2B2BFC691CF63AF60056E480 /* PlayModeStates.swift in Sources */,
				2B2BFC9E1CF650270056E480 /* BackgroundEntity.swift in Sources */,
				2B2BFBAF1CF50C0D0056E480 /* AppDelegate.swift in Sources */,
			);
			runOnlyForDeploymentPostprocessing = 0;
		};
		2B2BFBBD1CF50C840056E480 /* Sources */ = {
			isa = PBXSourcesBuildPhase;
			buildActionMask = 2147483647;
			files = (
				2B2BFC8B1CF64F410056E480 /* ParallaxComponent.swift in Sources */,
				2B2BFBC81CF50C840056E480 /* GameScene.swift in Sources */,
				2B2BFBF71CF50E0F0056E480 /* CGPoint+Extensions.swift in Sources */,
				2B2BFC831CF64EDA0056E480 /* SpriteComponent.swift in Sources */,
				2B2BFC7F1CF64E900056E480 /* PostScene.swift in Sources */,
				2B2BFC121CF50E0F0056E480 /* SKTTimingFunctions.swift in Sources */,
				2B2BFC0F1CF50E0F0056E480 /* SKTEffects.swift in Sources */,
				2B2BFC8F1CF64F7D0056E480 /* PhysicsComponent.swift in Sources */,
				2B2BFC031CF50E0F0056E480 /* SKAction+SpecialEffects.swift in Sources */,
				2B2BFC7B1CF64E2A0056E480 /* GameBuildMode.swift in Sources */,
				2B2BFBFA1CF50E0F0056E480 /* CGVector+Extensions.swift in Sources */,
				2B2BFC001CF50E0F0056E480 /* SKAction+Extensions.swift in Sources */,
				2B2BFC661CF639850056E480 /* GamePlayMode.swift in Sources */,
				2B2BFC061CF50E0F0056E480 /* SKColor+Extensions.swift in Sources */,
				2B2BFBCA1CF50C840056E480 /* GameViewController.swift in Sources */,
				2B2BFCA31CF650710056E480 /* PlayerEntity.swift in Sources */,
				2B2BFC261CF5160F0056E480 /* SKTExtensions.swift in Sources */,
				2B2BFCA71CF651200056E480 /* FinishEntity.swift in Sources */,
				2B2BFC2A1CF516200056E480 /* SKTResolution.swift in Sources */,
				2B2BFCAB1CF651460056E480 /* DiamondEntity.swift in Sources */,
				2B2BFC771CF64DFA0056E480 /* LevelSelect.swift in Sources */,
				2B2BFC931CF64FA70056E480 /* SideScrollMovement.swift in Sources */,
				2B2BFC1B1CF50F790056E480 /* SKTScene.swift in Sources */,
				2B2BFC2E1CF517DB0056E480 /* SKTGameSettings.swift in Sources */,
				2B2BFBFD1CF50E0F0056E480 /* Int+Extensions.swift in Sources */,
				2B2BFC091CF50E0F0056E480 /* SKNode+Extensions.swift in Sources */,
				2B2BFCAF1CF651810056E480 /* KillZoneEntity.swift in Sources */,
				2B2BFCB71CF652130056E480 /* TileMapBuilder.swift in Sources */,
				2B2BFC621CF62F7C0056E480 /* MainMenu.swift in Sources */,
				2B2BFC971CF64FCF0056E480 /* ChaseScrollMovement.swift in Sources */,
				2B2BFCB31CF652030056E480 /* TileMapLevels.swift in Sources */,
				2B2BFC871CF64EFB0056E480 /* AnimationComponent.swift in Sources */,
				2B2BFC9B1CF650010056E480 /* SKTEntity.swift in Sources */,
				2B2BFC731CF64DC60056E480 /* GameIntro.swift in Sources */,
				2B2BFC0C1CF50E0F0056E480 /* SKTAudio.swift in Sources */,
				2B2BFC6F1CF64D730056E480 /* TileLayer.swift in Sources */,
				2B2BFBF41CF50E0F0056E480 /* CGFloat+Extensions.swift in Sources */,
				2B2BFC151CF50E0F0056E480 /* Vector3.swift in Sources */,
				2B2BFC6A1CF63AF60056E480 /* PlayModeStates.swift in Sources */,
				2B2BFC9F1CF650270056E480 /* BackgroundEntity.swift in Sources */,
				2B2BFBC41CF50C840056E480 /* AppDelegate.swift in Sources */,
			);
			runOnlyForDeploymentPostprocessing = 0;
		};
/* End PBXSourcesBuildPhase section */

/* Begin PBXVariantGroup section */
		2B2BFB9A1CF4FFFB0056E480 /* Main.storyboard */ = {
			isa = PBXVariantGroup;
			children = (
				2B2BFB9B1CF4FFFB0056E480 /* Base */,
			);
			name = Main.storyboard;
			sourceTree = "<group>";
		};
		2B2BFB9F1CF4FFFB0056E480 /* LaunchScreen.storyboard */ = {
			isa = PBXVariantGroup;
			children = (
				2B2BFBA01CF4FFFB0056E480 /* Base */,
			);
			name = LaunchScreen.storyboard;
			sourceTree = "<group>";
		};
		2B2BFBB61CF50C0D0056E480 /* MainMenu.xib */ = {
			isa = PBXVariantGroup;
			children = (
				2B2BFBB71CF50C0D0056E480 /* Base */,
			);
			name = MainMenu.xib;
			sourceTree = "<group>";
		};
		2B2BFBCD1CF50C840056E480 /* Main.storyboard */ = {
			isa = PBXVariantGroup;
			children = (
				2B2BFBCE1CF50C840056E480 /* Base */,
			);
			name = Main.storyboard;
			sourceTree = "<group>";
		};
/* End PBXVariantGroup section */

/* Begin XCBuildConfiguration section */
		2B2BFBA31CF4FFFB0056E480 /* Debug */ = {
			isa = XCBuildConfiguration;
			buildSettings = {
				ALWAYS_SEARCH_USER_PATHS = NO;
				CLANG_ANALYZER_NONNULL = YES;
				CLANG_CXX_LANGUAGE_STANDARD = "gnu++0x";
				CLANG_CXX_LIBRARY = "libc++";
				CLANG_ENABLE_MODULES = YES;
				CLANG_ENABLE_OBJC_ARC = YES;
				CLANG_WARN_BOOL_CONVERSION = YES;
				CLANG_WARN_CONSTANT_CONVERSION = YES;
				CLANG_WARN_DIRECT_OBJC_ISA_USAGE = YES_ERROR;
				CLANG_WARN_EMPTY_BODY = YES;
				CLANG_WARN_ENUM_CONVERSION = YES;
				CLANG_WARN_INT_CONVERSION = YES;
				CLANG_WARN_OBJC_ROOT_CLASS = YES_ERROR;
				CLANG_WARN_UNREACHABLE_CODE = YES;
				CLANG_WARN__DUPLICATE_METHOD_MATCH = YES;
				"CODE_SIGN_IDENTITY[sdk=iphoneos*]" = "iPhone Developer";
				COPY_PHASE_STRIP = NO;
				DEBUG_INFORMATION_FORMAT = "dwarf-with-dsym";
				ENABLE_STRICT_OBJC_MSGSEND = YES;
				ENABLE_TESTABILITY = YES;
				GCC_C_LANGUAGE_STANDARD = gnu99;
				GCC_DYNAMIC_NO_PIC = NO;
				GCC_NO_COMMON_BLOCKS = YES;
				GCC_OPTIMIZATION_LEVEL = 0;
				GCC_PREPROCESSOR_DEFINITIONS = (
					"DEBUG=1",
					"$(inherited)",
				);
				GCC_WARN_64_TO_32_BIT_CONVERSION = YES;
				GCC_WARN_ABOUT_RETURN_TYPE = YES_ERROR;
				GCC_WARN_UNDECLARED_SELECTOR = YES;
				GCC_WARN_UNINITIALIZED_AUTOS = YES_AGGRESSIVE;
				GCC_WARN_UNUSED_FUNCTION = YES;
				GCC_WARN_UNUSED_VARIABLE = YES;
				IPHONEOS_DEPLOYMENT_TARGET = 9.3;
				MTL_ENABLE_DEBUG_INFO = YES;
				ONLY_ACTIVE_ARCH = YES;
				SDKROOT = iphoneos;
				SWIFT_OPTIMIZATION_LEVEL = "-Onone";
				TARGETED_DEVICE_FAMILY = "1,2";
			};
			name = Debug;
		};
		2B2BFBA41CF4FFFB0056E480 /* Release */ = {
			isa = XCBuildConfiguration;
			buildSettings = {
				ALWAYS_SEARCH_USER_PATHS = NO;
				CLANG_ANALYZER_NONNULL = YES;
				CLANG_CXX_LANGUAGE_STANDARD = "gnu++0x";
				CLANG_CXX_LIBRARY = "libc++";
				CLANG_ENABLE_MODULES = YES;
				CLANG_ENABLE_OBJC_ARC = YES;
				CLANG_WARN_BOOL_CONVERSION = YES;
				CLANG_WARN_CONSTANT_CONVERSION = YES;
				CLANG_WARN_DIRECT_OBJC_ISA_USAGE = YES_ERROR;
				CLANG_WARN_EMPTY_BODY = YES;
				CLANG_WARN_ENUM_CONVERSION = YES;
				CLANG_WARN_INT_CONVERSION = YES;
				CLANG_WARN_OBJC_ROOT_CLASS = YES_ERROR;
				CLANG_WARN_UNREACHABLE_CODE = YES;
				CLANG_WARN__DUPLICATE_METHOD_MATCH = YES;
				"CODE_SIGN_IDENTITY[sdk=iphoneos*]" = "iPhone Developer";
				COPY_PHASE_STRIP = NO;
				DEBUG_INFORMATION_FORMAT = "dwarf-with-dsym";
				ENABLE_NS_ASSERTIONS = NO;
				ENABLE_STRICT_OBJC_MSGSEND = YES;
				GCC_C_LANGUAGE_STANDARD = gnu99;
				GCC_NO_COMMON_BLOCKS = YES;
				GCC_WARN_64_TO_32_BIT_CONVERSION = YES;
				GCC_WARN_ABOUT_RETURN_TYPE = YES_ERROR;
				GCC_WARN_UNDECLARED_SELECTOR = YES;
				GCC_WARN_UNINITIALIZED_AUTOS = YES_AGGRESSIVE;
				GCC_WARN_UNUSED_FUNCTION = YES;
				GCC_WARN_UNUSED_VARIABLE = YES;
				IPHONEOS_DEPLOYMENT_TARGET = 9.3;
				MTL_ENABLE_DEBUG_INFO = NO;
				SDKROOT = iphoneos;
				TARGETED_DEVICE_FAMILY = "1,2";
				VALIDATE_PRODUCT = YES;
			};
			name = Release;
		};
		2B2BFBA61CF4FFFB0056E480 /* Debug */ = {
			isa = XCBuildConfiguration;
			buildSettings = {
				ASSETCATALOG_COMPILER_APPICON_NAME = AppIcon;
				CODE_SIGN_IDENTITY = "";
				INFOPLIST_FILE = MechOne/Info.plist;
				LD_RUNPATH_SEARCH_PATHS = "$(inherited) @executable_path/Frameworks";
				PRODUCT_BUNDLE_IDENTIFIER = com.jamesalandyer.MechOne;
				PRODUCT_NAME = "$(TARGET_NAME)";
				PROVISIONING_PROFILE = "3d68ae61-c019-493a-9fdf-86697644c1f9";
			};
			name = Debug;
		};
		2B2BFBA71CF4FFFB0056E480 /* Release */ = {
			isa = XCBuildConfiguration;
			buildSettings = {
				ASSETCATALOG_COMPILER_APPICON_NAME = AppIcon;
				CODE_SIGN_IDENTITY = "iPhone Distribution: James Dyer (D6HFQ75KS5)";
				INFOPLIST_FILE = MechOne/Info.plist;
				LD_RUNPATH_SEARCH_PATHS = "$(inherited) @executable_path/Frameworks";
				PRODUCT_BUNDLE_IDENTIFIER = com.jamesalandyer.MechOne;
				PRODUCT_NAME = "$(TARGET_NAME)";
				PROVISIONING_PROFILE = "3d68ae61-c019-493a-9fdf-86697644c1f9";
			};
			name = Release;
		};
		2B2BFBBB1CF50C0D0056E480 /* Debug */ = {
			isa = XCBuildConfiguration;
			buildSettings = {
				ASSETCATALOG_COMPILER_APPICON_NAME = AppIcon;
				CODE_SIGN_ENTITLEMENTS = "MechOne OSX/MechOne.entitlements";
				CODE_SIGN_IDENTITY = "Mac Developer";
				COMBINE_HIDPI_IMAGES = YES;
				INFOPLIST_FILE = "MechOne OSX/Info.plist";
				LD_RUNPATH_SEARCH_PATHS = "$(inherited) @executable_path/../Frameworks";
				MACOSX_DEPLOYMENT_TARGET = 10.11;
				PRODUCT_BUNDLE_IDENTIFIER = "com.jamesalandyer.MechOne-OSX";
				PRODUCT_NAME = MechOne;
				PROVISIONING_PROFILE = "dbc86876-b3c7-4e64-b7ec-35b27b7d382c";
				SDKROOT = macosx;
			};
			name = Debug;
		};
		2B2BFBBC1CF50C0D0056E480 /* Release */ = {
			isa = XCBuildConfiguration;
			buildSettings = {
				ASSETCATALOG_COMPILER_APPICON_NAME = AppIcon;
				CODE_SIGN_ENTITLEMENTS = "MechOne OSX/MechOne.entitlements";
				CODE_SIGN_IDENTITY = "3rd Party Mac Developer Application: James Dyer (D6HFQ75KS5)";
				COMBINE_HIDPI_IMAGES = YES;
				INFOPLIST_FILE = "MechOne OSX/Info.plist";
				LD_RUNPATH_SEARCH_PATHS = "$(inherited) @executable_path/../Frameworks";
				MACOSX_DEPLOYMENT_TARGET = 10.11;
				PRODUCT_BUNDLE_IDENTIFIER = "com.jamesalandyer.MechOne-OSX";
				PRODUCT_NAME = MechOne;
				PROVISIONING_PROFILE = "dbc86876-b3c7-4e64-b7ec-35b27b7d382c";
				SDKROOT = macosx;
			};
			name = Release;
		};
		2B2BFBD41CF50C840056E480 /* Debug */ = {
			isa = XCBuildConfiguration;
			buildSettings = {
				ASSETCATALOG_COMPILER_APPICON_NAME = "App Icon & Top Shelf Image";
				ASSETCATALOG_COMPILER_LAUNCHIMAGE_NAME = LaunchImage;
				CODE_SIGN_IDENTITY = "iPhone Developer";
				INFOPLIST_FILE = "MechOne tvOS/Info.plist";
				LD_RUNPATH_SEARCH_PATHS = "$(inherited) @executable_path/Frameworks";
				PRODUCT_BUNDLE_IDENTIFIER = com.jamesalandyer.MechOne;
				PRODUCT_NAME = MechOne;
				PROVISIONING_PROFILE = "1d10044c-42a6-481b-8967-2ce818e043fc";
				SDKROOT = appletvos;
				TARGETED_DEVICE_FAMILY = 3;
				TVOS_DEPLOYMENT_TARGET = 9.2;
			};
			name = Debug;
		};
		2B2BFBD51CF50C840056E480 /* Release */ = {
			isa = XCBuildConfiguration;
			buildSettings = {
				ASSETCATALOG_COMPILER_APPICON_NAME = "App Icon & Top Shelf Image";
				ASSETCATALOG_COMPILER_LAUNCHIMAGE_NAME = LaunchImage;
				CODE_SIGN_IDENTITY = "iPhone Distribution: James Dyer (D6HFQ75KS5)";
				INFOPLIST_FILE = "MechOne tvOS/Info.plist";
				LD_RUNPATH_SEARCH_PATHS = "$(inherited) @executable_path/Frameworks";
				PRODUCT_BUNDLE_IDENTIFIER = com.jamesalandyer.MechOne;
				PRODUCT_NAME = MechOne;
				PROVISIONING_PROFILE = "1d10044c-42a6-481b-8967-2ce818e043fc";
				SDKROOT = appletvos;
				TARGETED_DEVICE_FAMILY = 3;
				TVOS_DEPLOYMENT_TARGET = 9.2;
			};
			name = Release;
		};
/* End XCBuildConfiguration section */

/* Begin XCConfigurationList section */
		2B2BFB8A1CF4FFFB0056E480 /* Build configuration list for PBXProject "MechOne" */ = {
			isa = XCConfigurationList;
			buildConfigurations = (
				2B2BFBA31CF4FFFB0056E480 /* Debug */,
				2B2BFBA41CF4FFFB0056E480 /* Release */,
			);
			defaultConfigurationIsVisible = 0;
			defaultConfigurationName = Release;
		};
		2B2BFBA51CF4FFFB0056E480 /* Build configuration list for PBXNativeTarget "MechOne" */ = {
			isa = XCConfigurationList;
			buildConfigurations = (
				2B2BFBA61CF4FFFB0056E480 /* Debug */,
				2B2BFBA71CF4FFFB0056E480 /* Release */,
			);
			defaultConfigurationIsVisible = 0;
			defaultConfigurationName = Release;
		};
		2B2BFBBA1CF50C0D0056E480 /* Build configuration list for PBXNativeTarget "MechOne OSX" */ = {
			isa = XCConfigurationList;
			buildConfigurations = (
				2B2BFBBB1CF50C0D0056E480 /* Debug */,
				2B2BFBBC1CF50C0D0056E480 /* Release */,
			);
			defaultConfigurationIsVisible = 0;
			defaultConfigurationName = Release;
		};
		2B2BFBD31CF50C840056E480 /* Build configuration list for PBXNativeTarget "MechOne tvOS" */ = {
			isa = XCConfigurationList;
			buildConfigurations = (
				2B2BFBD41CF50C840056E480 /* Debug */,
				2B2BFBD51CF50C840056E480 /* Release */,
			);
			defaultConfigurationIsVisible = 0;
			defaultConfigurationName = Release;
		};
/* End XCConfigurationList section */
	};
	rootObject = 2B2BFB871CF4FFFB0056E480 /* Project object */;
}
